
Microsoft Visual Studio Solution File, Format Version 12.00
# Visual Studio Version 17
VisualStudioVersion = 17.4.33205.214
MinimumVisualStudioVersion = 10.0.40219.1
Project("{FAE04EC0-301F-11D3-BF4B-00C04F79EFBC}") = "Model", "Model\Model.csproj", "{D3EB345E-FFA4-4FC5-94C5-03FC6B6FD4D7}"
EndProject
Global
	GlobalSection(SolutionConfigurationPlatforms) = preSolution
		Debug|Any CPU = Debug|Any CPU
		Release|Any CPU = Release|Any CPU
	EndGlobalSection
	GlobalSection(ProjectConfigurationPlatforms) = postSolution
		{D3EB345E-FFA4-4FC5-94C5-03FC6B6FD4D7}.Debug|Any CPU.ActiveCfg = Debug|Any CPU
		{D3EB345E-FFA4-4FC5-94C5-03FC6B6FD4D7}.Debug|Any CPU.Build.0 = Debug|Any CPU
		{D3EB345E-FFA4-4FC5-94C5-03FC6B6FD4D7}.Release|Any CPU.ActiveCfg = Release|Any CPU
		{D3EB345E-FFA4-4FC5-94C5-03FC6B6FD4D7}.Release|Any CPU.Build.0 = Release|Any CPU
	EndGlobalSection
	GlobalSection(SolutionProperties) = preSolution
		HideSolutionNode = FALSE
	EndGlobalSection
	GlobalSection(ExtensibilityGlobals) = postSolution
		SolutionGuid = {350039EC-7C06-407D-BBC5-A85595D22E66}
	EndGlobalSection
EndGlobal
