
Microsoft Visual Studio Solution File, Format Version 12.00
# Visual Studio Version 17
VisualStudioVersion = 17.4.33213.308
MinimumVisualStudioVersion = 10.0.40219.1
Project("{FAE04EC0-301F-11D3-BF4B-00C04F79EFBC}") = "Wochentage", "Wochentage\Wochentage.csproj", "{533D2522-829A-42A0-9C15-76BF2561C906}"
EndProject
Global
	GlobalSection(SolutionConfigurationPlatforms) = preSolution
		Debug|Any CPU = Debug|Any CPU
		Release|Any CPU = Release|Any CPU
	EndGlobalSection
	GlobalSection(ProjectConfigurationPlatforms) = postSolution
		{533D2522-829A-42A0-9C15-76BF2561C906}.Debug|Any CPU.ActiveCfg = Debug|Any CPU
		{533D2522-829A-42A0-9C15-76BF2561C906}.Debug|Any CPU.Build.0 = Debug|Any CPU
		{533D2522-829A-42A0-9C15-76BF2561C906}.Release|Any CPU.ActiveCfg = Release|Any CPU
		{533D2522-829A-42A0-9C15-76BF2561C906}.Release|Any CPU.Build.0 = Release|Any CPU
	EndGlobalSection
	GlobalSection(SolutionProperties) = preSolution
		HideSolutionNode = FALSE
	EndGlobalSection
	GlobalSection(ExtensibilityGlobals) = postSolution
		SolutionGuid = {00240074-1020-4864-ACBC-1515F3115C0D}
	EndGlobalSection
EndGlobal
