
Microsoft Visual Studio Solution File, Format Version 12.00
Project("{FAE04EC0-301F-11D3-BF4B-00C04F79EFBC}") = "Swd.PlayCollector.Model", "Swd.PlayCollector.Model\Swd.PlayCollector.Model.csproj", "{F8CE6B3B-D898-4D35-B241-E35B4D23A139}"
EndProject
Project("{FAE04EC0-301F-11D3-BF4B-00C04F79EFBC}") = "Swd.PlayCollector.Gui.Wpf", "Swd.PlayCollector.Gui.Wpf\Swd.PlayCollector.Gui.Wpf.csproj", "{77588A43-378F-47E5-98EC-E2EACB42ADCA}"
EndProject
Project("{FAE04EC0-301F-11D3-BF4B-00C04F79EFBC}") = "Swd.PlayCollector.Migrations", "Swd.PlayCollector.Migrations\Swd.PlayCollector.Migrations.csproj", "{3406C795-A1F1-4535-8610-30F747ADFD3A}"
EndProject
Project("{FAE04EC0-301F-11D3-BF4B-00C04F79EFBC}") = "Swd.PlayCollector.Test", "Swd.PlayCollector.Test\Swd.PlayCollector.Test.csproj", "{BC405BA1-D624-4A88-9359-57483ED98BBA}"
EndProject
Global
	GlobalSection(SolutionConfigurationPlatforms) = preSolution
		Debug|Any CPU = Debug|Any CPU
		Release|Any CPU = Release|Any CPU
	EndGlobalSection
	GlobalSection(ProjectConfigurationPlatforms) = postSolution
		{F8CE6B3B-D898-4D35-B241-E35B4D23A139}.Debug|Any CPU.ActiveCfg = Debug|Any CPU
		{F8CE6B3B-D898-4D35-B241-E35B4D23A139}.Debug|Any CPU.Build.0 = Debug|Any CPU
		{F8CE6B3B-D898-4D35-B241-E35B4D23A139}.Release|Any CPU.ActiveCfg = Release|Any CPU
		{F8CE6B3B-D898-4D35-B241-E35B4D23A139}.Release|Any CPU.Build.0 = Release|Any CPU
		{77588A43-378F-47E5-98EC-E2EACB42ADCA}.Debug|Any CPU.ActiveCfg = Debug|Any CPU
		{77588A43-378F-47E5-98EC-E2EACB42ADCA}.Debug|Any CPU.Build.0 = Debug|Any CPU
		{77588A43-378F-47E5-98EC-E2EACB42ADCA}.Release|Any CPU.ActiveCfg = Release|Any CPU
		{77588A43-378F-47E5-98EC-E2EACB42ADCA}.Release|Any CPU.Build.0 = Release|Any CPU
		{3406C795-A1F1-4535-8610-30F747ADFD3A}.Debug|Any CPU.ActiveCfg = Debug|Any CPU
		{3406C795-A1F1-4535-8610-30F747ADFD3A}.Debug|Any CPU.Build.0 = Debug|Any CPU
		{3406C795-A1F1-4535-8610-30F747ADFD3A}.Release|Any CPU.ActiveCfg = Release|Any CPU
		{3406C795-A1F1-4535-8610-30F747ADFD3A}.Release|Any CPU.Build.0 = Release|Any CPU
		{BC405BA1-D624-4A88-9359-57483ED98BBA}.Debug|Any CPU.ActiveCfg = Debug|Any CPU
		{BC405BA1-D624-4A88-9359-57483ED98BBA}.Debug|Any CPU.Build.0 = Debug|Any CPU
		{BC405BA1-D624-4A88-9359-57483ED98BBA}.Release|Any CPU.ActiveCfg = Release|Any CPU
		{BC405BA1-D624-4A88-9359-57483ED98BBA}.Release|Any CPU.Build.0 = Release|Any CPU
	EndGlobalSection
EndGlobal
